
Microsoft Visual Studio Solution File, Format Version 12.00
# Visual Studio Version 16
VisualStudioVersion = 16.0.809.0
MinimumVisualStudioVersion = 10.0.40219.1
Project("{9A19103F-16F7-4668-BE54-9A1E7A4F7556}") = "StryktipsetCore", "StryktipsetCore\StryktipsetCore.csproj", "{42FA42FB-4942-4EA7-8B66-D5CA07B50B00}"
EndProject
Project("{9A19103F-16F7-4668-BE54-9A1E7A4F7556}") = "Stryktipsviktning", "Stryktipsviktning\Stryktipsviktning.csproj", "{50AAA75C-BC47-4CE4-8A75-8934CB875994}"
EndProject
Project("{FAE04EC0-301F-11D3-BF4B-00C04F79EFBC}") = "Weighted Randomizer", "Weighted Randomizer\Weighted Randomizer.csproj", "{1245BC96-2F42-404C-9F11-65A4326299D6}"
EndProject
Project("{FAE04EC0-301F-11D3-BF4B-00C04F79EFBC}") = "Stryktipset", "Stryktipset\Stryktipset.csproj", "{E4922774-1BEB-477D-BBC3-6E1F3EAEE483}"
EndProject
Global
	GlobalSection(SolutionConfigurationPlatforms) = preSolution
		Debug|Any CPU = Debug|Any CPU
		Release|Any CPU = Release|Any CPU
	EndGlobalSection
	GlobalSection(ProjectConfigurationPlatforms) = postSolution
		{42FA42FB-4942-4EA7-8B66-D5CA07B50B00}.Debug|Any CPU.ActiveCfg = Debug|Any CPU
		{42FA42FB-4942-4EA7-8B66-D5CA07B50B00}.Debug|Any CPU.Build.0 = Debug|Any CPU
		{42FA42FB-4942-4EA7-8B66-D5CA07B50B00}.Release|Any CPU.ActiveCfg = Release|Any CPU
		{42FA42FB-4942-4EA7-8B66-D5CA07B50B00}.Release|Any CPU.Build.0 = Release|Any CPU
		{50AAA75C-BC47-4CE4-8A75-8934CB875994}.Debug|Any CPU.ActiveCfg = Debug|Any CPU
		{50AAA75C-BC47-4CE4-8A75-8934CB875994}.Debug|Any CPU.Build.0 = Debug|Any CPU
		{50AAA75C-BC47-4CE4-8A75-8934CB875994}.Release|Any CPU.ActiveCfg = Release|Any CPU
		{50AAA75C-BC47-4CE4-8A75-8934CB875994}.Release|Any CPU.Build.0 = Release|Any CPU
		{1245BC96-2F42-404C-9F11-65A4326299D6}.Debug|Any CPU.ActiveCfg = Debug|Any CPU
		{1245BC96-2F42-404C-9F11-65A4326299D6}.Debug|Any CPU.Build.0 = Debug|Any CPU
		{1245BC96-2F42-404C-9F11-65A4326299D6}.Release|Any CPU.ActiveCfg = Release|Any CPU
		{1245BC96-2F42-404C-9F11-65A4326299D6}.Release|Any CPU.Build.0 = Release|Any CPU
		{E4922774-1BEB-477D-BBC3-6E1F3EAEE483}.Debug|Any CPU.ActiveCfg = Debug|Any CPU
		{E4922774-1BEB-477D-BBC3-6E1F3EAEE483}.Debug|Any CPU.Build.0 = Debug|Any CPU
		{E4922774-1BEB-477D-BBC3-6E1F3EAEE483}.Release|Any CPU.ActiveCfg = Release|Any CPU
		{E4922774-1BEB-477D-BBC3-6E1F3EAEE483}.Release|Any CPU.Build.0 = Release|Any CPU
	EndGlobalSection
	GlobalSection(SolutionProperties) = preSolution
		HideSolutionNode = FALSE
	EndGlobalSection
	GlobalSection(ExtensibilityGlobals) = postSolution
		SolutionGuid = {932BD23C-6724-4A3C-B2A9-D77FB5823C6D}
	EndGlobalSection
EndGlobal
